// !$*UTF8*$!
{
	archiveVersion = 1;
	classes = {
	};
	objectVersion = 55;
	objects = {

/* Begin PBXBuildFile section */
		F3B43E91280D4A1F00B5C07D /* AppleMusicSwiftUIApp.swift in Sources */ = {isa = PBXBuildFile; fileRef = F3B43E90280D4A1F00B5C07D /* AppleMusicSwiftUIApp.swift */; };
		F3B43E95280D4A1F00B5C07D /* Assets.xcassets in Resources */ = {isa = PBXBuildFile; fileRef = F3B43E94280D4A1F00B5C07D /* Assets.xcassets */; };
		F3B43E98280D4A1F00B5C07D /* Preview Assets.xcassets in Resources */ = {isa = PBXBuildFile; fileRef = F3B43E97280D4A1F00B5C07D /* Preview Assets.xcassets */; };
		F3B43EA0280D4B8C00B5C07D /* LibraryView.swift in Sources */ = {isa = PBXBuildFile; fileRef = F3B43E9F280D4B8C00B5C07D /* LibraryView.swift */; };
		F3B43EA4280D4C2D00B5C07D /* MainView.swift in Sources */ = {isa = PBXBuildFile; fileRef = F3B43EA3280D4C2D00B5C07D /* MainView.swift */; };
		F3B43EA6280D4C6A00B5C07D /* MainViewSettings.swift in Sources */ = {isa = PBXBuildFile; fileRef = F3B43EA5280D4C6A00B5C07D /* MainViewSettings.swift */; };
		F3B43EA9280D4CCE00B5C07D /* SongsFilterModel.swift in Sources */ = {isa = PBXBuildFile; fileRef = F3B43EA8280D4CCE00B5C07D /* SongsFilterModel.swift */; };
		F3B43EAC280D4D4700B5C07D /* PlayerView.swift in Sources */ = {isa = PBXBuildFile; fileRef = F3B43EAB280D4D4700B5C07D /* PlayerView.swift */; };
/* End PBXBuildFile section */

/* Begin PBXFileReference section */
		F3B43E8D280D4A1F00B5C07D /* AppleMusicSwiftUI.app */ = {isa = PBXFileReference; explicitFileType = wrapper.application; includeInIndex = 0; path = AppleMusicSwiftUI.app; sourceTree = BUILT_PRODUCTS_DIR; };
		F3B43E90280D4A1F00B5C07D /* AppleMusicSwiftUIApp.swift */ = {isa = PBXFileReference; lastKnownFileType = sourcecode.swift; path = AppleMusicSwiftUIApp.swift; sourceTree = "<group>"; };
		F3B43E94280D4A1F00B5C07D /* Assets.xcassets */ = {isa = PBXFileReference; lastKnownFileType = folder.assetcatalog; path = Assets.xcassets; sourceTree = "<group>"; };
		F3B43E97280D4A1F00B5C07D /* Preview Assets.xcassets */ = {isa = PBXFileReference; lastKnownFileType = folder.assetcatalog; path = "Preview Assets.xcassets"; sourceTree = "<group>"; };
		F3B43E9F280D4B8C00B5C07D /* LibraryView.swift */ = {isa = PBXFileReference; lastKnownFileType = sourcecode.swift; path = LibraryView.swift; sourceTree = "<group>"; };
		F3B43EA3280D4C2D00B5C07D /* MainView.swift */ = {isa = PBXFileReference; lastKnownFileType = sourcecode.swift; path = MainView.swift; sourceTree = "<group>"; };
		F3B43EA5280D4C6A00B5C07D /* MainViewSettings.swift */ = {isa = PBXFileReference; lastKnownFileType = sourcecode.swift; path = MainViewSettings.swift; sourceTree = "<group>"; };
		F3B43EA8280D4CCE00B5C07D /* SongsFilterModel.swift */ = {isa = PBXFileReference; lastKnownFileType = sourcecode.swift; path = SongsFilterModel.swift; sourceTree = "<group>"; };
		F3B43EAB280D4D4700B5C07D /* PlayerView.swift */ = {isa = PBXFileReference; lastKnownFileType = sourcecode.swift; path = PlayerView.swift; sourceTree = "<group>"; };
/* End PBXFileReference section */

/* Begin PBXFrameworksBuildPhase section */
		F3B43E8A280D4A1F00B5C07D /* Frameworks */ = {
			isa = PBXFrameworksBuildPhase;
			buildActionMask = 2147483647;
			files = (
			);
			runOnlyForDeploymentPostprocessing = 0;
		};
/* End PBXFrameworksBuildPhase section */

/* Begin PBXGroup section */
		F3B43E84280D4A1F00B5C07D = {
			isa = PBXGroup;
			children = (
				F3B43E8F280D4A1F00B5C07D /* AppleMusicSwiftUI */,
				F3B43E8E280D4A1F00B5C07D /* Products */,
			);
			sourceTree = "<group>";
		};
		F3B43E8E280D4A1F00B5C07D /* Products */ = {
			isa = PBXGroup;
			children = (
				F3B43E8D280D4A1F00B5C07D /* AppleMusicSwiftUI.app */,
			);
			name = Products;
			sourceTree = "<group>";
		};
		F3B43E8F280D4A1F00B5C07D /* AppleMusicSwiftUI */ = {
			isa = PBXGroup;
			children = (
				F3B43EAA280D4CDC00B5C07D /* Model */,
				F3B43E96280D4A1F00B5C07D /* Preview Content */,
				F3B43E9E280D4AFC00B5C07D /* App */,
				F3B43EA2280D4BFE00B5C07D /* View */,
				F3B43E94280D4A1F00B5C07D /* Assets.xcassets */,
			);
			path = AppleMusicSwiftUI;
			sourceTree = "<group>";
		};
		F3B43E96280D4A1F00B5C07D /* Preview Content */ = {
			isa = PBXGroup;
			children = (
				F3B43E97280D4A1F00B5C07D /* Preview Assets.xcassets */,
			);
			path = "Preview Content";
			sourceTree = "<group>";
		};
		F3B43E9E280D4AFC00B5C07D /* App */ = {
			isa = PBXGroup;
			children = (
				F3B43E90280D4A1F00B5C07D /* AppleMusicSwiftUIApp.swift */,
			);
			path = App;
			sourceTree = "<group>";
		};
		F3B43EA1280D4BF600B5C07D /* Library */ = {
			isa = PBXGroup;
			children = (
				F3B43E9F280D4B8C00B5C07D /* LibraryView.swift */,
			);
			path = Library;
			sourceTree = "<group>";
		};
		F3B43EA2280D4BFE00B5C07D /* View */ = {
			isa = PBXGroup;
			children = (
				F3B43EA1280D4BF600B5C07D /* Library */,
				F3B43EA7280D4C9B00B5C07D /* Main */,
				F3B43EAB280D4D4700B5C07D /* PlayerView.swift */,
			);
			path = View;
			sourceTree = "<group>";
		};
		F3B43EA7280D4C9B00B5C07D /* Main */ = {
			isa = PBXGroup;
			children = (
				F3B43EA3280D4C2D00B5C07D /* MainView.swift */,
				F3B43EA5280D4C6A00B5C07D /* MainViewSettings.swift */,
			);
			path = Main;
			sourceTree = "<group>";
		};
		F3B43EAA280D4CDC00B5C07D /* Model */ = {
			isa = PBXGroup;
			children = (
				F3B43EA8280D4CCE00B5C07D /* SongsFilterModel.swift */,
			);
			path = Model;
			sourceTree = "<group>";
		};
/* End PBXGroup section */

/* Begin PBXNativeTarget section */
		F3B43E8C280D4A1F00B5C07D /* AppleMusicSwiftUI */ = {
			isa = PBXNativeTarget;
			buildConfigurationList = F3B43E9B280D4A1F00B5C07D /* Build configuration list for PBXNativeTarget "AppleMusicSwiftUI" */;
			buildPhases = (
				F3B43E89280D4A1F00B5C07D /* Sources */,
				F3B43E8A280D4A1F00B5C07D /* Frameworks */,
				F3B43E8B280D4A1F00B5C07D /* Resources */,
			);
			buildRules = (
			);
			dependencies = (
			);
			name = AppleMusicSwiftUI;
			productName = AppleMusicSwiftUI;
			productReference = F3B43E8D280D4A1F00B5C07D /* AppleMusicSwiftUI.app */;
			productType = "com.apple.product-type.application";
		};
/* End PBXNativeTarget section */

/* Begin PBXProject section */
		F3B43E85280D4A1F00B5C07D /* Project object */ = {
			isa = PBXProject;
			attributes = {
				BuildIndependentTargetsInParallel = 1;
				LastSwiftUpdateCheck = 1330;
				LastUpgradeCheck = 1330;
				TargetAttributes = {
					F3B43E8C280D4A1F00B5C07D = {
						CreatedOnToolsVersion = 13.3.1;
					};
				};
			};
			buildConfigurationList = F3B43E88280D4A1F00B5C07D /* Build configuration list for PBXProject "AppleMusicSwiftUI" */;
			compatibilityVersion = "Xcode 13.0";
			developmentRegion = en;
			hasScannedForEncodings = 0;
			knownRegions = (
				en,
				Base,
			);
			mainGroup = F3B43E84280D4A1F00B5C07D;
			productRefGroup = F3B43E8E280D4A1F00B5C07D /* Products */;
			projectDirPath = "";
			projectRoot = "";
			targets = (
				F3B43E8C280D4A1F00B5C07D /* AppleMusicSwiftUI */,
			);
		};
/* End PBXProject section */

/* Begin PBXResourcesBuildPhase section */
		F3B43E8B280D4A1F00B5C07D /* Resources */ = {
			isa = PBXResourcesBuildPhase;
			buildActionMask = 2147483647;
			files = (
				F3B43E98280D4A1F00B5C07D /* Preview Assets.xcassets in Resources */,
				F3B43E95280D4A1F00B5C07D /* Assets.xcassets in Resources */,
			);
			runOnlyForDeploymentPostprocessing = 0;
		};
/* End PBXResourcesBuildPhase section */

/* Begin PBXSourcesBuildPhase section */
		F3B43E89280D4A1F00B5C07D /* Sources */ = {
			isa = PBXSourcesBuildPhase;
			buildActionMask = 2147483647;
			files = (
				F3B43EA9280D4CCE00B5C07D /* SongsFilterModel.swift in Sources */,
				F3B43EA0280D4B8C00B5C07D /* LibraryView.swift in Sources */,
				F3B43EA4280D4C2D00B5C07D /* MainView.swift in Sources */,
				F3B43EAC280D4D4700B5C07D /* PlayerView.swift in Sources */,
				F3B43EA6280D4C6A00B5C07D /* MainViewSettings.swift in Sources */,
				F3B43E91280D4A1F00B5C07D /* AppleMusicSwiftUIApp.swift in Sources */,
			);
			runOnlyForDeploymentPostprocessing = 0;
		};
/* End PBXSourcesBuildPhase section */

/* Begin XCBuildConfiguration section */
		F3B43E99280D4A1F00B5C07D /* Debug */ = {
			isa = XCBuildConfiguration;
			buildSettings = {
				ALWAYS_SEARCH_USER_PATHS = NO;
				CLANG_ANALYZER_NONNULL = YES;
				CLANG_ANALYZER_NUMBER_OBJECT_CONVERSION = YES_AGGRESSIVE;
				CLANG_CXX_LANGUAGE_STANDARD = "gnu++17";
				CLANG_ENABLE_MODULES = YES;
				CLANG_ENABLE_OBJC_ARC = YES;
				CLANG_ENABLE_OBJC_WEAK = YES;
				CLANG_WARN_BLOCK_CAPTURE_AUTORELEASING = YES;
				CLANG_WARN_BOOL_CONVERSION = YES;
				CLANG_WARN_COMMA = YES;
				CLANG_WARN_CONSTANT_CONVERSION = YES;
				CLANG_WARN_DEPRECATED_OBJC_IMPLEMENTATIONS = YES;
				CLANG_WARN_DIRECT_OBJC_ISA_USAGE = YES_ERROR;
				CLANG_WARN_DOCUMENTATION_COMMENTS = YES;
				CLANG_WARN_EMPTY_BODY = YES;
				CLANG_WARN_ENUM_CONVERSION = YES;
				CLANG_WARN_INFINITE_RECURSION = YES;
				CLANG_WARN_INT_CONVERSION = YES;
				CLANG_WARN_NON_LITERAL_NULL_CONVERSION = YES;
				CLANG_WARN_OBJC_IMPLICIT_RETAIN_SELF = YES;
				CLANG_WARN_OBJC_LITERAL_CONVERSION = YES;
				CLANG_WARN_OBJC_ROOT_CLASS = YES_ERROR;
				CLANG_WARN_QUOTED_INCLUDE_IN_FRAMEWORK_HEADER = YES;
				CLANG_WARN_RANGE_LOOP_ANALYSIS = YES;
				CLANG_WARN_STRICT_PROTOTYPES = YES;
				CLANG_WARN_SUSPICIOUS_MOVE = YES;
				CLANG_WARN_UNGUARDED_AVAILABILITY = YES_AGGRESSIVE;
				CLANG_WARN_UNREACHABLE_CODE = YES;
				CLANG_WARN__DUPLICATE_METHOD_MATCH = YES;
				COPY_PHASE_STRIP = NO;
				DEBUG_INFORMATION_FORMAT = dwarf;
				ENABLE_STRICT_OBJC_MSGSEND = YES;
				ENABLE_TESTABILITY = YES;
				GCC_C_LANGUAGE_STANDARD = gnu11;
				GCC_DYNAMIC_NO_PIC = NO;
				GCC_NO_COMMON_BLOCKS = YES;
				GCC_OPTIMIZATION_LEVEL = 0;
				GCC_PREPROCESSOR_DEFINITIONS = (
					"DEBUG=1",
					"$(inherited)",
				);
				GCC_WARN_64_TO_32_BIT_CONVERSION = YES;
				GCC_WARN_ABOUT_RETURN_TYPE = YES_ERROR;
				GCC_WARN_UNDECLARED_SELECTOR = YES;
				GCC_WARN_UNINITIALIZED_AUTOS = YES_AGGRESSIVE;
				GCC_WARN_UNUSED_FUNCTION = YES;
				GCC_WARN_UNUSED_VARIABLE = YES;
				IPHONEOS_DEPLOYMENT_TARGET = 15.4;
				MTL_ENABLE_DEBUG_INFO = INCLUDE_SOURCE;
				MTL_FAST_MATH = YES;
				ONLY_ACTIVE_ARCH = YES;
				SDKROOT = iphoneos;
				SWIFT_ACTIVE_COMPILATION_CONDITIONS = DEBUG;
				SWIFT_OPTIMIZATION_LEVEL = "-Onone";
			};
			name = Debug;
		};
		F3B43E9A280D4A1F00B5C07D /* Release */ = {
			isa = XCBuildConfiguration;
			buildSettings = {
				ALWAYS_SEARCH_USER_PATHS = NO;
				CLANG_ANALYZER_NONNULL = YES;
				CLANG_ANALYZER_NUMBER_OBJECT_CONVERSION = YES_AGGRESSIVE;
				CLANG_CXX_LANGUAGE_STANDARD = "gnu++17";
				CLANG_ENABLE_MODULES = YES;
				CLANG_ENABLE_OBJC_ARC = YES;
				CLANG_ENABLE_OBJC_WEAK = YES;
				CLANG_WARN_BLOCK_CAPTURE_AUTORELEASING = YES;
				CLANG_WARN_BOOL_CONVERSION = YES;
				CLANG_WARN_COMMA = YES;
				CLANG_WARN_CONSTANT_CONVERSION = YES;
				CLANG_WARN_DEPRECATED_OBJC_IMPLEMENTATIONS = YES;
				CLANG_WARN_DIRECT_OBJC_ISA_USAGE = YES_ERROR;
				CLANG_WARN_DOCUMENTATION_COMMENTS = YES;
				CLANG_WARN_EMPTY_BODY = YES;
				CLANG_WARN_ENUM_CONVERSION = YES;
				CLANG_WARN_INFINITE_RECURSION = YES;
				CLANG_WARN_INT_CONVERSION = YES;
				CLANG_WARN_NON_LITERAL_NULL_CONVERSION = YES;
				CLANG_WARN_OBJC_IMPLICIT_RETAIN_SELF = YES;
				CLANG_WARN_OBJC_LITERAL_CONVERSION = YES;
				CLANG_WARN_OBJC_ROOT_CLASS = YES_ERROR;
				CLANG_WARN_QUOTED_INCLUDE_IN_FRAMEWORK_HEADER = YES;
				CLANG_WARN_RANGE_LOOP_ANALYSIS = YES;
				CLANG_WARN_STRICT_PROTOTYPES = YES;
				CLANG_WARN_SUSPICIOUS_MOVE = YES;
				CLANG_WARN_UNGUARDED_AVAILABILITY = YES_AGGRESSIVE;
				CLANG_WARN_UNREACHABLE_CODE = YES;
				CLANG_WARN__DUPLICATE_METHOD_MATCH = YES;
				COPY_PHASE_STRIP = NO;
				DEBUG_INFORMATION_FORMAT = "dwarf-with-dsym";
				ENABLE_NS_ASSERTIONS = NO;
				ENABLE_STRICT_OBJC_MSGSEND = YES;
				GCC_C_LANGUAGE_STANDARD = gnu11;
				GCC_NO_COMMON_BLOCKS = YES;
				GCC_WARN_64_TO_32_BIT_CONVERSION = YES;
				GCC_WARN_ABOUT_RETURN_TYPE = YES_ERROR;
				GCC_WARN_UNDECLARED_SELECTOR = YES;
				GCC_WARN_UNINITIALIZED_AUTOS = YES_AGGRESSIVE;
				GCC_WARN_UNUSED_FUNCTION = YES;
				GCC_WARN_UNUSED_VARIABLE = YES;
				IPHONEOS_DEPLOYMENT_TARGET = 15.4;
				MTL_ENABLE_DEBUG_INFO = NO;
				MTL_FAST_MATH = YES;
				SDKROOT = iphoneos;
				SWIFT_COMPILATION_MODE = wholemodule;
				SWIFT_OPTIMIZATION_LEVEL = "-O";
				VALIDATE_PRODUCT = YES;
			};
			name = Release;
		};
		F3B43E9C280D4A1F00B5C07D /* Debug */ = {
			isa = XCBuildConfiguration;
			buildSettings = {
				ASSETCATALOG_COMPILER_APPICON_NAME = AppIcon;
				ASSETCATALOG_COMPILER_GLOBAL_ACCENT_COLOR_NAME = AccentColor;
				CODE_SIGN_STYLE = Automatic;
				CURRENT_PROJECT_VERSION = 1;
				DEVELOPMENT_ASSET_PATHS = "\"AppleMusicSwiftUI/Preview Content\"";
				DEVELOPMENT_TEAM = 9DSLGCL4J8;
				ENABLE_PREVIEWS = YES;
				GENERATE_INFOPLIST_FILE = YES;
				INFOPLIST_KEY_UIApplicationSceneManifest_Generation = YES;
				INFOPLIST_KEY_UIApplicationSupportsIndirectInputEvents = YES;
				INFOPLIST_KEY_UILaunchScreen_Generation = YES;
				INFOPLIST_KEY_UISupportedInterfaceOrientations_iPad = "UIInterfaceOrientationPortrait UIInterfaceOrientationPortraitUpsideDown UIInterfaceOrientationLandscapeLeft UIInterfaceOrientationLandscapeRight";
				INFOPLIST_KEY_UISupportedInterfaceOrientations_iPhone = "UIInterfaceOrientationPortrait UIInterfaceOrientationLandscapeLeft UIInterfaceOrientationLandscapeRight";
				LD_RUNPATH_SEARCH_PATHS = (
					"$(inherited)",
					"@executable_path/Frameworks",
				);
				MARKETING_VERSION = 1.0;
				PRODUCT_BUNDLE_IDENTIFIER = com.artyomguzenko.AppleMusicSwiftUI;
				PRODUCT_NAME = "$(TARGET_NAME)";
				SWIFT_EMIT_LOC_STRINGS = YES;
				SWIFT_VERSION = 5.0;
				TARGETED_DEVICE_FAMILY = "1,2";
			};
			name = Debug;
		};
		F3B43E9D280D4A1F00B5C07D /* Release */ = {
			isa = XCBuildConfiguration;
			buildSettings = {
				ASSETCATALOG_COMPILER_APPICON_NAME = AppIcon;
				ASSETCATALOG_COMPILER_GLOBAL_ACCENT_COLOR_NAME = AccentColor;
				CODE_SIGN_STYLE = Automatic;
				CURRENT_PROJECT_VERSION = 1;
				DEVELOPMENT_ASSET_PATHS = "\"AppleMusicSwiftUI/Preview Content\"";
				DEVELOPMENT_TEAM = 9DSLGCL4J8;
				ENABLE_PREVIEWS = YES;
				GENERATE_INFOPLIST_FILE = YES;
				INFOPLIST_KEY_UIApplicationSceneManifest_Generation = YES;
				INFOPLIST_KEY_UIApplicationSupportsIndirectInputEvents = YES;
				INFOPLIST_KEY_UILaunchScreen_Generation = YES;
				INFOPLIST_KEY_UISupportedInterfaceOrientations_iPad = "UIInterfaceOrientationPortrait UIInterfaceOrientationPortraitUpsideDown UIInterfaceOrientationLandscapeLeft UIInterfaceOrientationLandscapeRight";
				INFOPLIST_KEY_UISupportedInterfaceOrientations_iPhone = "UIInterfaceOrientationPortrait UIInterfaceOrientationLandscapeLeft UIInterfaceOrientationLandscapeRight";
				LD_RUNPATH_SEARCH_PATHS = (
					"$(inherited)",
					"@executable_path/Frameworks",
				);
				MARKETING_VERSION = 1.0;
				PRODUCT_BUNDLE_IDENTIFIER = com.artyomguzenko.AppleMusicSwiftUI;
				PRODUCT_NAME = "$(TARGET_NAME)";
				SWIFT_EMIT_LOC_STRINGS = YES;
				SWIFT_VERSION = 5.0;
				TARGETED_DEVICE_FAMILY = "1,2";
			};
			name = Release;
		};
/* End XCBuildConfiguration section */

/* Begin XCConfigurationList section */
		F3B43E88280D4A1F00B5C07D /* Build configuration list for PBXProject "AppleMusicSwiftUI" */ = {
			isa = XCConfigurationList;
			buildConfigurations = (
				F3B43E99280D4A1F00B5C07D /* Debug */,
				F3B43E9A280D4A1F00B5C07D /* Release */,
			);
			defaultConfigurationIsVisible = 0;
			defaultConfigurationName = Release;
		};
		F3B43E9B280D4A1F00B5C07D /* Build configuration list for PBXNativeTarget "AppleMusicSwiftUI" */ = {
			isa = XCConfigurationList;
			buildConfigurations = (
				F3B43E9C280D4A1F00B5C07D /* Debug */,
				F3B43E9D280D4A1F00B5C07D /* Release */,
			);
			defaultConfigurationIsVisible = 0;
			defaultConfigurationName = Release;
		};
/* End XCConfigurationList section */
	};
	rootObject = F3B43E85280D4A1F00B5C07D /* Project object */;
}
